{
  "name": "root",
  "lockfileVersion": 2,
  "requires": true,
  "packages": {
    "": {
      "dependencies": {
        "@types/node": "^16.7.11",
        "flatbuffers": "^2.0.3"
      },
      "devDependencies": {
        "typescript": "^4.4.2"
      }
    },
    "node_modules/@types/node": {
      "version": "16.7.11",
      "resolved": "https://registry.npmjs.org/@types/node/-/node-16.7.11.tgz",
      "integrity": "sha512-OtOGO+DYmNNqJQG9HG4e5a6iqoRcNfdCf4ha3div7XF5w/uOa3YVpb5aRGClwSDKLmfOysv2hFIvoklffnQi4w=="
    },
    "node_modules/flatbuffers": {
      "version": "2.0.3",
      "resolved": "https://registry.npmjs.org/flatbuffers/-/flatbuffers-2.0.3.tgz",
      "integrity": "sha512-lTN0GS4FjwPY6h8BDDuq8f2ZORIyRgI4pHXzIt7GBsTgyCt2z9OAPiWNaeEaNcjrmuLLzFagEDwpYiqGv5BEWg=="
    },
    "node_modules/typescript": {
      "version": "4.4.2",
      "resolved": "https://registry.npmjs.org/typescript/-/typescript-4.4.2.tgz",
      "integrity": "sha512-gzP+t5W4hdy4c+68bfcv0t400HVJMMd2+H9B7gae1nQlBzCqvrXX+6GL/b3GAgyTH966pzrZ70/fRjwAtZksSQ==",
      "dev": true,
      "bin": {
        "tsc": "bin/tsc",
        "tsserver": "bin/tsserver"
      },
      "engines": {
        "node": ">=4.2.0"
      }
    }
  },
  "dependencies": {
    "@types/node": {
      "version": "16.7.11",
      "resolved": "https://registry.npmjs.org/@types/node/-/node-16.7.11.tgz",
      "integrity": "sha512-OtOGO+DYmNNqJQG9HG4e5a6iqoRcNfdCf4ha3div7XF5w/uOa3YVpb5aRGClwSDKLmfOysv2hFIvoklffnQi4w=="
    },
    "flatbuffers": {
      "version": "2.0.3",
      "resolved": "https://registry.npmjs.org/flatbuffers/-/flatbuffers-2.0.3.tgz",
      "integrity": "sha512-lTN0GS4FjwPY6h8BDDuq8f2ZORIyRgI4pHXzIt7GBsTgyCt2z9OAPiWNaeEaNcjrmuLLzFagEDwpYiqGv5BEWg=="
    },
    "typescript": {
      "version": "4.4.2",
      "resolved": "https://registry.npmjs.org/typescript/-/typescript-4.4.2.tgz",
      "integrity": "sha512-gzP+t5W4hdy4c+68bfcv0t400HVJMMd2+H9B7gae1nQlBzCqvrXX+6GL/b3GAgyTH966pzrZ70/fRjwAtZksSQ==",
      "dev": true
    }
  }
}
